
Microsoft Visual Studio Solution File, Format Version 12.00
# Visual Studio 15
Project("{FAE04EC0-301F-11D3-BF4B-00C04F79EFBC}") = "RockPaper.Android", "RockPaper.Android\RockPaper.Android.csproj", "{E81BB625-9A59-4429-BC8B-B81E181708C1}"
EndProject
Project("{FAE04EC0-301F-11D3-BF4B-00C04F79EFBC}") = "RockPaper.iOS", "RockPaper.iOS\RockPaper.iOS.csproj", "{E134B1FB-0DA3-4984-9F81-4BB87B6A2DF5}"
EndProject
Project("{FAE04EC0-301F-11D3-BF4B-00C04F79EFBC}") = "RockPaper", "RockPaper\RockPaper.csproj", "{6D92ED12-7D50-4145-847B-A3146509EC92}"
EndProject
Global
	GlobalSection(SolutionConfigurationPlatforms) = preSolution
		Debug|Any CPU = Debug|Any CPU
		Release|Any CPU = Release|Any CPU
		Debug|iPhoneSimulator = Debug|iPhoneSimulator
		Release|iPhoneSimulator = Release|iPhoneSimulator
		Debug|iPhone = Debug|iPhone
		Release|iPhone = Release|iPhone
		Ad-Hoc|iPhone = Ad-Hoc|iPhone
		AppStore|iPhone = AppStore|iPhone
	EndGlobalSection
	GlobalSection(ProjectConfigurationPlatforms) = postSolution
		{E81BB625-9A59-4429-BC8B-B81E181708C1}.Debug|Any CPU.ActiveCfg = Debug|Any CPU
		{E81BB625-9A59-4429-BC8B-B81E181708C1}.Debug|Any CPU.Build.0 = Debug|Any CPU
		{E81BB625-9A59-4429-BC8B-B81E181708C1}.Release|Any CPU.ActiveCfg = Release|Any CPU
		{E81BB625-9A59-4429-BC8B-B81E181708C1}.Release|Any CPU.Build.0 = Release|Any CPU
		{E81BB625-9A59-4429-BC8B-B81E181708C1}.Debug|iPhoneSimulator.ActiveCfg = Debug|Any CPU
		{E81BB625-9A59-4429-BC8B-B81E181708C1}.Debug|iPhoneSimulator.Build.0 = Debug|Any CPU
		{E81BB625-9A59-4429-BC8B-B81E181708C1}.Release|iPhoneSimulator.ActiveCfg = Release|Any CPU
		{E81BB625-9A59-4429-BC8B-B81E181708C1}.Release|iPhoneSimulator.Build.0 = Release|Any CPU
		{E81BB625-9A59-4429-BC8B-B81E181708C1}.Debug|iPhone.ActiveCfg = Debug|Any CPU
		{E81BB625-9A59-4429-BC8B-B81E181708C1}.Debug|iPhone.Build.0 = Debug|Any CPU
		{E81BB625-9A59-4429-BC8B-B81E181708C1}.Release|iPhone.ActiveCfg = Release|Any CPU
		{E81BB625-9A59-4429-BC8B-B81E181708C1}.Release|iPhone.Build.0 = Release|Any CPU
		{E81BB625-9A59-4429-BC8B-B81E181708C1}.Ad-Hoc|iPhone.ActiveCfg = Debug|Any CPU
		{E81BB625-9A59-4429-BC8B-B81E181708C1}.Ad-Hoc|iPhone.Build.0 = Debug|Any CPU
		{E81BB625-9A59-4429-BC8B-B81E181708C1}.AppStore|iPhone.ActiveCfg = Debug|Any CPU
		{E81BB625-9A59-4429-BC8B-B81E181708C1}.AppStore|iPhone.Build.0 = Debug|Any CPU
		{E134B1FB-0DA3-4984-9F81-4BB87B6A2DF5}.Debug|Any CPU.ActiveCfg = Debug|iPhoneSimulator
		{E134B1FB-0DA3-4984-9F81-4BB87B6A2DF5}.Debug|Any CPU.Build.0 = Debug|iPhoneSimulator
		{E134B1FB-0DA3-4984-9F81-4BB87B6A2DF5}.Release|Any CPU.ActiveCfg = Release|iPhoneSimulator
		{E134B1FB-0DA3-4984-9F81-4BB87B6A2DF5}.Release|Any CPU.Build.0 = Release|iPhoneSimulator
		{E134B1FB-0DA3-4984-9F81-4BB87B6A2DF5}.Debug|iPhoneSimulator.ActiveCfg = Debug|iPhoneSimulator
		{E134B1FB-0DA3-4984-9F81-4BB87B6A2DF5}.Debug|iPhoneSimulator.Build.0 = Debug|iPhoneSimulator
		{E134B1FB-0DA3-4984-9F81-4BB87B6A2DF5}.Release|iPhoneSimulator.ActiveCfg = Release|iPhoneSimulator
		{E134B1FB-0DA3-4984-9F81-4BB87B6A2DF5}.Release|iPhoneSimulator.Build.0 = Release|iPhoneSimulator
		{E134B1FB-0DA3-4984-9F81-4BB87B6A2DF5}.Debug|iPhone.ActiveCfg = Debug|iPhone
		{E134B1FB-0DA3-4984-9F81-4BB87B6A2DF5}.Debug|iPhone.Build.0 = Debug|iPhone
		{E134B1FB-0DA3-4984-9F81-4BB87B6A2DF5}.Release|iPhone.ActiveCfg = Release|iPhone
		{E134B1FB-0DA3-4984-9F81-4BB87B6A2DF5}.Release|iPhone.Build.0 = Release|iPhone
		{E134B1FB-0DA3-4984-9F81-4BB87B6A2DF5}.Ad-Hoc|iPhone.ActiveCfg = Ad-Hoc|iPhone
		{E134B1FB-0DA3-4984-9F81-4BB87B6A2DF5}.Ad-Hoc|iPhone.Build.0 = Ad-Hoc|iPhone
		{E134B1FB-0DA3-4984-9F81-4BB87B6A2DF5}.AppStore|iPhone.ActiveCfg = AppStore|iPhone
		{E134B1FB-0DA3-4984-9F81-4BB87B6A2DF5}.AppStore|iPhone.Build.0 = AppStore|iPhone
		{6D92ED12-7D50-4145-847B-A3146509EC92}.Debug|Any CPU.ActiveCfg = Debug|Any CPU
		{6D92ED12-7D50-4145-847B-A3146509EC92}.Debug|Any CPU.Build.0 = Debug|Any CPU
		{6D92ED12-7D50-4145-847B-A3146509EC92}.Release|Any CPU.ActiveCfg = Release|Any CPU
		{6D92ED12-7D50-4145-847B-A3146509EC92}.Release|Any CPU.Build.0 = Release|Any CPU
		{6D92ED12-7D50-4145-847B-A3146509EC92}.Debug|iPhoneSimulator.ActiveCfg = Debug|Any CPU
		{6D92ED12-7D50-4145-847B-A3146509EC92}.Debug|iPhoneSimulator.Build.0 = Debug|Any CPU
		{6D92ED12-7D50-4145-847B-A3146509EC92}.Release|iPhoneSimulator.ActiveCfg = Release|Any CPU
		{6D92ED12-7D50-4145-847B-A3146509EC92}.Release|iPhoneSimulator.Build.0 = Release|Any CPU
		{6D92ED12-7D50-4145-847B-A3146509EC92}.Debug|iPhone.ActiveCfg = Debug|Any CPU
		{6D92ED12-7D50-4145-847B-A3146509EC92}.Debug|iPhone.Build.0 = Debug|Any CPU
		{6D92ED12-7D50-4145-847B-A3146509EC92}.Release|iPhone.ActiveCfg = Release|Any CPU
		{6D92ED12-7D50-4145-847B-A3146509EC92}.Release|iPhone.Build.0 = Release|Any CPU
		{6D92ED12-7D50-4145-847B-A3146509EC92}.Ad-Hoc|iPhone.ActiveCfg = Debug|Any CPU
		{6D92ED12-7D50-4145-847B-A3146509EC92}.Ad-Hoc|iPhone.Build.0 = Debug|Any CPU
		{6D92ED12-7D50-4145-847B-A3146509EC92}.AppStore|iPhone.ActiveCfg = Debug|Any CPU
		{6D92ED12-7D50-4145-847B-A3146509EC92}.AppStore|iPhone.Build.0 = Debug|Any CPU
	EndGlobalSection
EndGlobal
